// !$*UTF8*$!
{
	archiveVersion = 1;
	classes = {
	};
	objectVersion = 50;
	objects = {

/* Begin PBXBuildFile section */
		8E7A29A7232D91DE00C3F103 /* AppDelegate.swift in Sources */ = {isa = PBXBuildFile; fileRef = 8E7A29A6232D91DE00C3F103 /* AppDelegate.swift */; };
		8E7A29A9232D91DE00C3F103 /* ViewController.swift in Sources */ = {isa = PBXBuildFile; fileRef = 8E7A29A8232D91DE00C3F103 /* ViewController.swift */; };
		8E7A29AC232D91DE00C3F103 /* Main.storyboard in Resources */ = {isa = PBXBuildFile; fileRef = 8E7A29AA232D91DE00C3F103 /* Main.storyboard */; };
		8E7A29AE232D91DE00C3F103 /* Assets.xcassets in Resources */ = {isa = PBXBuildFile; fileRef = 8E7A29AD232D91DE00C3F103 /* Assets.xcassets */; };
		8E7A29B1232D91DE00C3F103 /* LaunchScreen.storyboard in Resources */ = {isa = PBXBuildFile; fileRef = 8E7A29AF232D91DE00C3F103 /* LaunchScreen.storyboard */; };
		8E7A29BC232D91DE00C3F103 /* GWDProjectTests.swift in Sources */ = {isa = PBXBuildFile; fileRef = 8E7A29BB232D91DE00C3F103 /* GWDProjectTests.swift */; };
		8E7A29C7232D91DE00C3F103 /* GWDProjectUITests.swift in Sources */ = {isa = PBXBuildFile; fileRef = 8E7A29C6232D91DE00C3F103 /* GWDProjectUITests.swift */; };
/* End PBXBuildFile section */

/* Begin PBXContainerItemProxy section */
		8E7A29B8232D91DE00C3F103 /* PBXContainerItemProxy */ = {
			isa = PBXContainerItemProxy;
			containerPortal = 8E7A299B232D91DE00C3F103 /* Project object */;
			proxyType = 1;
			remoteGlobalIDString = 8E7A29A2232D91DE00C3F103;
			remoteInfo = GWDProject;
		};
		8E7A29C3232D91DE00C3F103 /* PBXContainerItemProxy */ = {
			isa = PBXContainerItemProxy;
			containerPortal = 8E7A299B232D91DE00C3F103 /* Project object */;
			proxyType = 1;
			remoteGlobalIDString = 8E7A29A2232D91DE00C3F103;
			remoteInfo = GWDProject;
		};
/* End PBXContainerItemProxy section */

/* Begin PBXFileReference section */
		8E7A29A3232D91DE00C3F103 /* GWDProject.app */ = {isa = PBXFileReference; explicitFileType = wrapper.application; includeInIndex = 0; path = GWDProject.app; sourceTree = BUILT_PRODUCTS_DIR; };
		8E7A29A6232D91DE00C3F103 /* AppDelegate.swift */ = {isa = PBXFileReference; lastKnownFileType = sourcecode.swift; path = AppDelegate.swift; sourceTree = "<group>"; };
		8E7A29A8232D91DE00C3F103 /* ViewController.swift */ = {isa = PBXFileReference; lastKnownFileType = sourcecode.swift; path = ViewController.swift; sourceTree = "<group>"; };
		8E7A29AB232D91DE00C3F103 /* Base */ = {isa = PBXFileReference; lastKnownFileType = file.storyboard; name = Base; path = Base.lproj/Main.storyboard; sourceTree = "<group>"; };
		8E7A29AD232D91DE00C3F103 /* Assets.xcassets */ = {isa = PBXFileReference; lastKnownFileType = folder.assetcatalog; path = Assets.xcassets; sourceTree = "<group>"; };
		8E7A29B0232D91DE00C3F103 /* Base */ = {isa = PBXFileReference; lastKnownFileType = file.storyboard; name = Base; path = Base.lproj/LaunchScreen.storyboard; sourceTree = "<group>"; };
		8E7A29B2232D91DE00C3F103 /* Info.plist */ = {isa = PBXFileReference; lastKnownFileType = text.plist.xml; path = Info.plist; sourceTree = "<group>"; };
		8E7A29B7232D91DE00C3F103 /* GWDProjectTests.xctest */ = {isa = PBXFileReference; explicitFileType = wrapper.cfbundle; includeInIndex = 0; path = GWDProjectTests.xctest; sourceTree = BUILT_PRODUCTS_DIR; };
		8E7A29BB232D91DE00C3F103 /* GWDProjectTests.swift */ = {isa = PBXFileReference; lastKnownFileType = sourcecode.swift; path = GWDProjectTests.swift; sourceTree = "<group>"; };
		8E7A29BD232D91DE00C3F103 /* Info.plist */ = {isa = PBXFileReference; lastKnownFileType = text.plist.xml; path = Info.plist; sourceTree = "<group>"; };
		8E7A29C2232D91DE00C3F103 /* GWDProjectUITests.xctest */ = {isa = PBXFileReference; explicitFileType = wrapper.cfbundle; includeInIndex = 0; path = GWDProjectUITests.xctest; sourceTree = BUILT_PRODUCTS_DIR; };
		8E7A29C6232D91DE00C3F103 /* GWDProjectUITests.swift */ = {isa = PBXFileReference; lastKnownFileType = sourcecode.swift; path = GWDProjectUITests.swift; sourceTree = "<group>"; };
		8E7A29C8232D91DE00C3F103 /* Info.plist */ = {isa = PBXFileReference; lastKnownFileType = text.plist.xml; path = Info.plist; sourceTree = "<group>"; };
/* End PBXFileReference section */

/* Begin PBXFrameworksBuildPhase section */
		8E7A29A0232D91DE00C3F103 /* Frameworks */ = {
			isa = PBXFrameworksBuildPhase;
			buildActionMask = 2147483647;
			files = (
			);
			runOnlyForDeploymentPostprocessing = 0;
		};
		8E7A29B4232D91DE00C3F103 /* Frameworks */ = {
			isa = PBXFrameworksBuildPhase;
			buildActionMask = 2147483647;
			files = (
			);
			runOnlyForDeploymentPostprocessing = 0;
		};
		8E7A29BF232D91DE00C3F103 /* Frameworks */ = {
			isa = PBXFrameworksBuildPhase;
			buildActionMask = 2147483647;
			files = (
			);
			runOnlyForDeploymentPostprocessing = 0;
		};
/* End PBXFrameworksBuildPhase section */

/* Begin PBXGroup section */
		8E7A299A232D91DE00C3F103 = {
			isa = PBXGroup;
			children = (
				8E7A29A5232D91DE00C3F103 /* GWDProject */,
				8E7A29BA232D91DE00C3F103 /* GWDProjectTests */,
				8E7A29C5232D91DE00C3F103 /* GWDProjectUITests */,
				8E7A29A4232D91DE00C3F103 /* Products */,
			);
			sourceTree = "<group>";
		};
		8E7A29A4232D91DE00C3F103 /* Products */ = {
			isa = PBXGroup;
			children = (
				8E7A29A3232D91DE00C3F103 /* GWDProject.app */,
				8E7A29B7232D91DE00C3F103 /* GWDProjectTests.xctest */,
				8E7A29C2232D91DE00C3F103 /* GWDProjectUITests.xctest */,
			);
			name = Products;
			sourceTree = "<group>";
		};
		8E7A29A5232D91DE00C3F103 /* GWDProject */ = {
			isa = PBXGroup;
			children = (
				8E7A29A6232D91DE00C3F103 /* AppDelegate.swift */,
				8E7A29A8232D91DE00C3F103 /* ViewController.swift */,
				8E7A29AA232D91DE00C3F103 /* Main.storyboard */,
				8E7A29AD232D91DE00C3F103 /* Assets.xcassets */,
				8E7A29AF232D91DE00C3F103 /* LaunchScreen.storyboard */,
				8E7A29B2232D91DE00C3F103 /* Info.plist */,
			);
			path = GWDProject;
			sourceTree = "<group>";
		};
		8E7A29BA232D91DE00C3F103 /* GWDProjectTests */ = {
			isa = PBXGroup;
			children = (
				8E7A29BB232D91DE00C3F103 /* GWDProjectTests.swift */,
				8E7A29BD232D91DE00C3F103 /* Info.plist */,
			);
			path = GWDProjectTests;
			sourceTree = "<group>";
		};
		8E7A29C5232D91DE00C3F103 /* GWDProjectUITests */ = {
			isa = PBXGroup;
			children = (
				8E7A29C6232D91DE00C3F103 /* GWDProjectUITests.swift */,
				8E7A29C8232D91DE00C3F103 /* Info.plist */,
			);
			path = GWDProjectUITests;
			sourceTree = "<group>";
		};
/* End PBXGroup section */

/* Begin PBXNativeTarget section */
		8E7A29A2232D91DE00C3F103 /* GWDProject */ = {
			isa = PBXNativeTarget;
			buildConfigurationList = 8E7A29CB232D91DE00C3F103 /* Build configuration list for PBXNativeTarget "GWDProject" */;
			buildPhases = (
				8E7A299F232D91DE00C3F103 /* Sources */,
				8E7A29A0232D91DE00C3F103 /* Frameworks */,
				8E7A29A1232D91DE00C3F103 /* Resources */,
			);
			buildRules = (
			);
			dependencies = (
			);
			name = GWDProject;
			productName = GWDProject;
			productReference = 8E7A29A3232D91DE00C3F103 /* GWDProject.app */;
			productType = "com.apple.product-type.application";
		};
		8E7A29B6232D91DE00C3F103 /* GWDProjectTests */ = {
			isa = PBXNativeTarget;
			buildConfigurationList = 8E7A29CE232D91DE00C3F103 /* Build configuration list for PBXNativeTarget "GWDProjectTests" */;
			buildPhases = (
				8E7A29B3232D91DE00C3F103 /* Sources */,
				8E7A29B4232D91DE00C3F103 /* Frameworks */,
				8E7A29B5232D91DE00C3F103 /* Resources */,
			);
			buildRules = (
			);
			dependencies = (
				8E7A29B9232D91DE00C3F103 /* PBXTargetDependency */,
			);
			name = GWDProjectTests;
			productName = GWDProjectTests;
			productReference = 8E7A29B7232D91DE00C3F103 /* GWDProjectTests.xctest */;
			productType = "com.apple.product-type.bundle.unit-test";
		};
		8E7A29C1232D91DE00C3F103 /* GWDProjectUITests */ = {
			isa = PBXNativeTarget;
			buildConfigurationList = 8E7A29D1232D91DE00C3F103 /* Build configuration list for PBXNativeTarget "GWDProjectUITests" */;
			buildPhases = (
				8E7A29BE232D91DE00C3F103 /* Sources */,
				8E7A29BF232D91DE00C3F103 /* Frameworks */,
				8E7A29C0232D91DE00C3F103 /* Resources */,
			);
			buildRules = (
			);
			dependencies = (
				8E7A29C4232D91DE00C3F103 /* PBXTargetDependency */,
			);
			name = GWDProjectUITests;
			productName = GWDProjectUITests;
			productReference = 8E7A29C2232D91DE00C3F103 /* GWDProjectUITests.xctest */;
			productType = "com.apple.product-type.bundle.ui-testing";
		};
/* End PBXNativeTarget section */

/* Begin PBXProject section */
		8E7A299B232D91DE00C3F103 /* Project object */ = {
			isa = PBXProject;
			attributes = {
				LastSwiftUpdateCheck = 1030;
				LastUpgradeCheck = 1030;
				ORGANIZATIONNAME = "Alina Walling";
				TargetAttributes = {
					8E7A29A2232D91DE00C3F103 = {
						CreatedOnToolsVersion = 10.3;
					};
					8E7A29B6232D91DE00C3F103 = {
						CreatedOnToolsVersion = 10.3;
						TestTargetID = 8E7A29A2232D91DE00C3F103;
					};
					8E7A29C1232D91DE00C3F103 = {
						CreatedOnToolsVersion = 10.3;
						TestTargetID = 8E7A29A2232D91DE00C3F103;
					};
				};
			};
			buildConfigurationList = 8E7A299E232D91DE00C3F103 /* Build configuration list for PBXProject "GWDProject" */;
			compatibilityVersion = "Xcode 9.3";
			developmentRegion = en;
			hasScannedForEncodings = 0;
			knownRegions = (
				en,
				Base,
			);
			mainGroup = 8E7A299A232D91DE00C3F103;
			productRefGroup = 8E7A29A4232D91DE00C3F103 /* Products */;
			projectDirPath = "";
			projectRoot = "";
			targets = (
				8E7A29A2232D91DE00C3F103 /* GWDProject */,
				8E7A29B6232D91DE00C3F103 /* GWDProjectTests */,
				8E7A29C1232D91DE00C3F103 /* GWDProjectUITests */,
			);
		};
/* End PBXProject section */

/* Begin PBXResourcesBuildPhase section */
		8E7A29A1232D91DE00C3F103 /* Resources */ = {
			isa = PBXResourcesBuildPhase;
			buildActionMask = 2147483647;
			files = (
				8E7A29B1232D91DE00C3F103 /* LaunchScreen.storyboard in Resources */,
				8E7A29AE232D91DE00C3F103 /* Assets.xcassets in Resources */,
				8E7A29AC232D91DE00C3F103 /* Main.storyboard in Resources */,
			);
			runOnlyForDeploymentPostprocessing = 0;
		};
		8E7A29B5232D91DE00C3F103 /* Resources */ = {
			isa = PBXResourcesBuildPhase;
			buildActionMask = 2147483647;
			files = (
			);
			runOnlyForDeploymentPostprocessing = 0;
		};
		8E7A29C0232D91DE00C3F103 /* Resources */ = {
			isa = PBXResourcesBuildPhase;
			buildActionMask = 2147483647;
			files = (
			);
			runOnlyForDeploymentPostprocessing = 0;
		};
/* End PBXResourcesBuildPhase section */

/* Begin PBXSourcesBuildPhase section */
		8E7A299F232D91DE00C3F103 /* Sources */ = {
			isa = PBXSourcesBuildPhase;
			buildActionMask = 2147483647;
			files = (
				8E7A29A9232D91DE00C3F103 /* ViewController.swift in Sources */,
				8E7A29A7232D91DE00C3F103 /* AppDelegate.swift in Sources */,
			);
			runOnlyForDeploymentPostprocessing = 0;
		};
		8E7A29B3232D91DE00C3F103 /* Sources */ = {
			isa = PBXSourcesBuildPhase;
			buildActionMask = 2147483647;
			files = (
				8E7A29BC232D91DE00C3F103 /* GWDProjectTests.swift in Sources */,
			);
			runOnlyForDeploymentPostprocessing = 0;
		};
		8E7A29BE232D91DE00C3F103 /* Sources */ = {
			isa = PBXSourcesBuildPhase;
			buildActionMask = 2147483647;
			files = (
				8E7A29C7232D91DE00C3F103 /* GWDProjectUITests.swift in Sources */,
			);
			runOnlyForDeploymentPostprocessing = 0;
		};
/* End PBXSourcesBuildPhase section */

/* Begin PBXTargetDependency section */
		8E7A29B9232D91DE00C3F103 /* PBXTargetDependency */ = {
			isa = PBXTargetDependency;
			target = 8E7A29A2232D91DE00C3F103 /* GWDProject */;
			targetProxy = 8E7A29B8232D91DE00C3F103 /* PBXContainerItemProxy */;
		};
		8E7A29C4232D91DE00C3F103 /* PBXTargetDependency */ = {
			isa = PBXTargetDependency;
			target = 8E7A29A2232D91DE00C3F103 /* GWDProject */;
			targetProxy = 8E7A29C3232D91DE00C3F103 /* PBXContainerItemProxy */;
		};
/* End PBXTargetDependency section */

/* Begin PBXVariantGroup section */
		8E7A29AA232D91DE00C3F103 /* Main.storyboard */ = {
			isa = PBXVariantGroup;
			children = (
				8E7A29AB232D91DE00C3F103 /* Base */,
			);
			name = Main.storyboard;
			sourceTree = "<group>";
		};
		8E7A29AF232D91DE00C3F103 /* LaunchScreen.storyboard */ = {
			isa = PBXVariantGroup;
			children = (
				8E7A29B0232D91DE00C3F103 /* Base */,
			);
			name = LaunchScreen.storyboard;
			sourceTree = "<group>";
		};
/* End PBXVariantGroup section */

/* Begin XCBuildConfiguration section */
		8E7A29C9232D91DE00C3F103 /* Debug */ = {
			isa = XCBuildConfiguration;
			buildSettings = {
				ALWAYS_SEARCH_USER_PATHS = NO;
				CLANG_ANALYZER_NONNULL = YES;
				CLANG_ANALYZER_NUMBER_OBJECT_CONVERSION = YES_AGGRESSIVE;
				CLANG_CXX_LANGUAGE_STANDARD = "gnu++14";
				CLANG_CXX_LIBRARY = "libc++";
				CLANG_ENABLE_MODULES = YES;
				CLANG_ENABLE_OBJC_ARC = YES;
				CLANG_ENABLE_OBJC_WEAK = YES;
				CLANG_WARN_BLOCK_CAPTURE_AUTORELEASING = YES;
				CLANG_WARN_BOOL_CONVERSION = YES;
				CLANG_WARN_COMMA = YES;
				CLANG_WARN_CONSTANT_CONVERSION = YES;
				CLANG_WARN_DEPRECATED_OBJC_IMPLEMENTATIONS = YES;
				CLANG_WARN_DIRECT_OBJC_ISA_USAGE = YES_ERROR;
				CLANG_WARN_DOCUMENTATION_COMMENTS = YES;
				CLANG_WARN_EMPTY_BODY = YES;
				CLANG_WARN_ENUM_CONVERSION = YES;
				CLANG_WARN_INFINITE_RECURSION = YES;
				CLANG_WARN_INT_CONVERSION = YES;
				CLANG_WARN_NON_LITERAL_NULL_CONVERSION = YES;
				CLANG_WARN_OBJC_IMPLICIT_RETAIN_SELF = YES;
				CLANG_WARN_OBJC_LITERAL_CONVERSION = YES;
				CLANG_WARN_OBJC_ROOT_CLASS = YES_ERROR;
				CLANG_WARN_RANGE_LOOP_ANALYSIS = YES;
				CLANG_WARN_STRICT_PROTOTYPES = YES;
				CLANG_WARN_SUSPICIOUS_MOVE = YES;
				CLANG_WARN_UNGUARDED_AVAILABILITY = YES_AGGRESSIVE;
				CLANG_WARN_UNREACHABLE_CODE = YES;
				CLANG_WARN__DUPLICATE_METHOD_MATCH = YES;
				CODE_SIGN_IDENTITY = "iPhone Developer";
				COPY_PHASE_STRIP = NO;
				DEBUG_INFORMATION_FORMAT = dwarf;
				ENABLE_STRICT_OBJC_MSGSEND = YES;
				ENABLE_TESTABILITY = YES;
				GCC_C_LANGUAGE_STANDARD = gnu11;
				GCC_DYNAMIC_NO_PIC = NO;
				GCC_NO_COMMON_BLOCKS = YES;
				GCC_OPTIMIZATION_LEVEL = 0;
				GCC_PREPROCESSOR_DEFINITIONS = (
					"DEBUG=1",
					"$(inherited)",
				);
				GCC_WARN_64_TO_32_BIT_CONVERSION = YES;
				GCC_WARN_ABOUT_RETURN_TYPE = YES_ERROR;
				GCC_WARN_UNDECLARED_SELECTOR = YES;
				GCC_WARN_UNINITIALIZED_AUTOS = YES_AGGRESSIVE;
				GCC_WARN_UNUSED_FUNCTION = YES;
				GCC_WARN_UNUSED_VARIABLE = YES;
				IPHONEOS_DEPLOYMENT_TARGET = 12.4;
				MTL_ENABLE_DEBUG_INFO = INCLUDE_SOURCE;
				MTL_FAST_MATH = YES;
				ONLY_ACTIVE_ARCH = YES;
				SDKROOT = iphoneos;
				SWIFT_ACTIVE_COMPILATION_CONDITIONS = DEBUG;
				SWIFT_OPTIMIZATION_LEVEL = "-Onone";
			};
			name = Debug;
		};
		8E7A29CA232D91DE00C3F103 /* Release */ = {
			isa = XCBuildConfiguration;
			buildSettings = {
				ALWAYS_SEARCH_USER_PATHS = NO;
				CLANG_ANALYZER_NONNULL = YES;
				CLANG_ANALYZER_NUMBER_OBJECT_CONVERSION = YES_AGGRESSIVE;
				CLANG_CXX_LANGUAGE_STANDARD = "gnu++14";
				CLANG_CXX_LIBRARY = "libc++";
				CLANG_ENABLE_MODULES = YES;
				CLANG_ENABLE_OBJC_ARC = YES;
				CLANG_ENABLE_OBJC_WEAK = YES;
				CLANG_WARN_BLOCK_CAPTURE_AUTORELEASING = YES;
				CLANG_WARN_BOOL_CONVERSION = YES;
				CLANG_WARN_COMMA = YES;
				CLANG_WARN_CONSTANT_CONVERSION = YES;
				CLANG_WARN_DEPRECATED_OBJC_IMPLEMENTATIONS = YES;
				CLANG_WARN_DIRECT_OBJC_ISA_USAGE = YES_ERROR;
				CLANG_WARN_DOCUMENTATION_COMMENTS = YES;
				CLANG_WARN_EMPTY_BODY = YES;
				CLANG_WARN_ENUM_CONVERSION = YES;
				CLANG_WARN_INFINITE_RECURSION = YES;
				CLANG_WARN_INT_CONVERSION = YES;
				CLANG_WARN_NON_LITERAL_NULL_CONVERSION = YES;
				CLANG_WARN_OBJC_IMPLICIT_RETAIN_SELF = YES;
				CLANG_WARN_OBJC_LITERAL_CONVERSION = YES;
				CLANG_WARN_OBJC_ROOT_CLASS = YES_ERROR;
				CLANG_WARN_RANGE_LOOP_ANALYSIS = YES;
				CLANG_WARN_STRICT_PROTOTYPES = YES;
				CLANG_WARN_SUSPICIOUS_MOVE = YES;
				CLANG_WARN_UNGUARDED_AVAILABILITY = YES_AGGRESSIVE;
				CLANG_WARN_UNREACHABLE_CODE = YES;
				CLANG_WARN__DUPLICATE_METHOD_MATCH = YES;
				CODE_SIGN_IDENTITY = "iPhone Developer";
				COPY_PHASE_STRIP = NO;
				DEBUG_INFORMATION_FORMAT = "dwarf-with-dsym";
				ENABLE_NS_ASSERTIONS = NO;
				ENABLE_STRICT_OBJC_MSGSEND = YES;
				GCC_C_LANGUAGE_STANDARD = gnu11;
				GCC_NO_COMMON_BLOCKS = YES;
				GCC_WARN_64_TO_32_BIT_CONVERSION = YES;
				GCC_WARN_ABOUT_RETURN_TYPE = YES_ERROR;
				GCC_WARN_UNDECLARED_SELECTOR = YES;
				GCC_WARN_UNINITIALIZED_AUTOS = YES_AGGRESSIVE;
				GCC_WARN_UNUSED_FUNCTION = YES;
				GCC_WARN_UNUSED_VARIABLE = YES;
				IPHONEOS_DEPLOYMENT_TARGET = 12.4;
				MTL_ENABLE_DEBUG_INFO = NO;
				MTL_FAST_MATH = YES;
				SDKROOT = iphoneos;
				SWIFT_COMPILATION_MODE = wholemodule;
				SWIFT_OPTIMIZATION_LEVEL = "-O";
				VALIDATE_PRODUCT = YES;
			};
			name = Release;
		};
		8E7A29CC232D91DE00C3F103 /* Debug */ = {
			isa = XCBuildConfiguration;
			buildSettings = {
				ASSETCATALOG_COMPILER_APPICON_NAME = AppIcon;
				CODE_SIGN_STYLE = Automatic;
				DEVELOPMENT_TEAM = F9NZ42RHRV;
				INFOPLIST_FILE = GWDProject/Info.plist;
				LD_RUNPATH_SEARCH_PATHS = (
					"$(inherited)",
					"@executable_path/Frameworks",
				);
				PRODUCT_BUNDLE_IDENTIFIER = com.alinawalling.GWDProject;
				PRODUCT_NAME = "$(TARGET_NAME)";
				SWIFT_VERSION = 5.0;
				TARGETED_DEVICE_FAMILY = "1,2";
			};
			name = Debug;
		};
		8E7A29CD232D91DE00C3F103 /* Release */ = {
			isa = XCBuildConfiguration;
			buildSettings = {
				ASSETCATALOG_COMPILER_APPICON_NAME = AppIcon;
				CODE_SIGN_STYLE = Automatic;
				DEVELOPMENT_TEAM = F9NZ42RHRV;
				INFOPLIST_FILE = GWDProject/Info.plist;
				LD_RUNPATH_SEARCH_PATHS = (
					"$(inherited)",
					"@executable_path/Frameworks",
				);
				PRODUCT_BUNDLE_IDENTIFIER = com.alinawalling.GWDProject;
				PRODUCT_NAME = "$(TARGET_NAME)";
				SWIFT_VERSION = 5.0;
				TARGETED_DEVICE_FAMILY = "1,2";
			};
			name = Release;
		};
		8E7A29CF232D91DE00C3F103 /* Debug */ = {
			isa = XCBuildConfiguration;
			buildSettings = {
				ALWAYS_EMBED_SWIFT_STANDARD_LIBRARIES = YES;
				BUNDLE_LOADER = "$(TEST_HOST)";
				CODE_SIGN_STYLE = Automatic;
				DEVELOPMENT_TEAM = F9NZ42RHRV;
				INFOPLIST_FILE = GWDProjectTests/Info.plist;
				LD_RUNPATH_SEARCH_PATHS = (
					"$(inherited)",
					"@executable_path/Frameworks",
					"@loader_path/Frameworks",
				);
				PRODUCT_BUNDLE_IDENTIFIER = com.alinawalling.GWDProjectTests;
				PRODUCT_NAME = "$(TARGET_NAME)";
				SWIFT_VERSION = 5.0;
				TARGETED_DEVICE_FAMILY = "1,2";
				TEST_HOST = "$(BUILT_PRODUCTS_DIR)/GWDProject.app/GWDProject";
			};
			name = Debug;
		};
		8E7A29D0232D91DE00C3F103 /* Release */ = {
			isa = XCBuildConfiguration;
			buildSettings = {
				ALWAYS_EMBED_SWIFT_STANDARD_LIBRARIES = YES;
				BUNDLE_LOADER = "$(TEST_HOST)";
				CODE_SIGN_STYLE = Automatic;
				DEVELOPMENT_TEAM = F9NZ42RHRV;
				INFOPLIST_FILE = GWDProjectTests/Info.plist;
				LD_RUNPATH_SEARCH_PATHS = (
					"$(inherited)",
					"@executable_path/Frameworks",
					"@loader_path/Frameworks",
				);
				PRODUCT_BUNDLE_IDENTIFIER = com.alinawalling.GWDProjectTests;
				PRODUCT_NAME = "$(TARGET_NAME)";
				SWIFT_VERSION = 5.0;
				TARGETED_DEVICE_FAMILY = "1,2";
				TEST_HOST = "$(BUILT_PRODUCTS_DIR)/GWDProject.app/GWDProject";
			};
			name = Release;
		};
		8E7A29D2232D91DE00C3F103 /* Debug */ = {
			isa = XCBuildConfiguration;
			buildSettings = {
				ALWAYS_EMBED_SWIFT_STANDARD_LIBRARIES = YES;
				CODE_SIGN_STYLE = Automatic;
				DEVELOPMENT_TEAM = F9NZ42RHRV;
				INFOPLIST_FILE = GWDProjectUITests/Info.plist;
				LD_RUNPATH_SEARCH_PATHS = (
					"$(inherited)",
					"@executable_path/Frameworks",
					"@loader_path/Frameworks",
				);
				PRODUCT_BUNDLE_IDENTIFIER = com.alinawalling.GWDProjectUITests;
				PRODUCT_NAME = "$(TARGET_NAME)";
				SWIFT_VERSION = 5.0;
				TARGETED_DEVICE_FAMILY = "1,2";
				TEST_TARGET_NAME = GWDProject;
			};
			name = Debug;
		};
		8E7A29D3232D91DE00C3F103 /* Release */ = {
			isa = XCBuildConfiguration;
			buildSettings = {
				ALWAYS_EMBED_SWIFT_STANDARD_LIBRARIES = YES;
				CODE_SIGN_STYLE = Automatic;
				DEVELOPMENT_TEAM = F9NZ42RHRV;
				INFOPLIST_FILE = GWDProjectUITests/Info.plist;
				LD_RUNPATH_SEARCH_PATHS = (
					"$(inherited)",
					"@executable_path/Frameworks",
					"@loader_path/Frameworks",
				);
				PRODUCT_BUNDLE_IDENTIFIER = com.alinawalling.GWDProjectUITests;
				PRODUCT_NAME = "$(TARGET_NAME)";
				SWIFT_VERSION = 5.0;
				TARGETED_DEVICE_FAMILY = "1,2";
				TEST_TARGET_NAME = GWDProject;
			};
			name = Release;
		};
/* End XCBuildConfiguration section */

/* Begin XCConfigurationList section */
		8E7A299E232D91DE00C3F103 /* Build configuration list for PBXProject "GWDProject" */ = {
			isa = XCConfigurationList;
			buildConfigurations = (
				8E7A29C9232D91DE00C3F103 /* Debug */,
				8E7A29CA232D91DE00C3F103 /* Release */,
			);
			defaultConfigurationIsVisible = 0;
			defaultConfigurationName = Release;
		};
		8E7A29CB232D91DE00C3F103 /* Build configuration list for PBXNativeTarget "GWDProject" */ = {
			isa = XCConfigurationList;
			buildConfigurations = (
				8E7A29CC232D91DE00C3F103 /* Debug */,
				8E7A29CD232D91DE00C3F103 /* Release */,
			);
			defaultConfigurationIsVisible = 0;
			defaultConfigurationName = Release;
		};
		8E7A29CE232D91DE00C3F103 /* Build configuration list for PBXNativeTarget "GWDProjectTests" */ = {
			isa = XCConfigurationList;
			buildConfigurations = (
				8E7A29CF232D91DE00C3F103 /* Debug */,
				8E7A29D0232D91DE00C3F103 /* Release */,
			);
			defaultConfigurationIsVisible = 0;
			defaultConfigurationName = Release;
		};
		8E7A29D1232D91DE00C3F103 /* Build configuration list for PBXNativeTarget "GWDProjectUITests" */ = {
			isa = XCConfigurationList;
			buildConfigurations = (
				8E7A29D2232D91DE00C3F103 /* Debug */,
				8E7A29D3232D91DE00C3F103 /* Release */,
			);
			defaultConfigurationIsVisible = 0;
			defaultConfigurationName = Release;
		};
/* End XCConfigurationList section */
	};
	rootObject = 8E7A299B232D91DE00C3F103 /* Project object */;
}
